
Microsoft Visual Studio Solution File, Format Version 12.00
# Visual Studio Version 16
VisualStudioVersion = 16.0.31129.286
MinimumVisualStudioVersion = 10.0.40219.1
Project("{FAE04EC0-301F-11D3-BF4B-00C04F79EFBC}") = "EgyptExcavation", "EgyptExcavation.csproj", "{DF1F6553-4086-4DF8-A00A-8D6B913272E5}"
EndProject
Global
	GlobalSection(SolutionConfigurationPlatforms) = preSolution
		Debug|Any CPU = Debug|Any CPU
		Release|Any CPU = Release|Any CPU
	EndGlobalSection
	GlobalSection(ProjectConfigurationPlatforms) = postSolution
		{DF1F6553-4086-4DF8-A00A-8D6B913272E5}.Debug|Any CPU.ActiveCfg = Debug|Any CPU
		{DF1F6553-4086-4DF8-A00A-8D6B913272E5}.Debug|Any CPU.Build.0 = Debug|Any CPU
		{DF1F6553-4086-4DF8-A00A-8D6B913272E5}.Release|Any CPU.ActiveCfg = Release|Any CPU
		{DF1F6553-4086-4DF8-A00A-8D6B913272E5}.Release|Any CPU.Build.0 = Release|Any CPU
	EndGlobalSection
	GlobalSection(SolutionProperties) = preSolution
		HideSolutionNode = FALSE
	EndGlobalSection
	GlobalSection(ExtensibilityGlobals) = postSolution
		SolutionGuid = {495FF2D5-1057-4578-90DC-7AF93867D358}
	EndGlobalSection
EndGlobal
